
Microsoft Visual Studio Solution File, Format Version 12.00
# Visual Studio Version 17
VisualStudioVersion = 17.0.31919.166
MinimumVisualStudioVersion = 10.0.40219.1
Project("{9A19103F-16F7-4668-BE54-9A1E7A4F7556}") = "CardService", "CardService\CardService.csproj", "{1B537704-D9C6-4E5F-9F67-4DA82505AC2A}"
EndProject
Project("{FAE04EC0-301F-11D3-BF4B-00C04F79EFBC}") = "CardStorageService.Data", "CardStorageService.Data\CardStorageService.Data.csproj", "{DE455C1C-30DE-4497-9219-6D783E3C00A9}"
EndProject
Global
	GlobalSection(SolutionConfigurationPlatforms) = preSolution
		Debug|Any CPU = Debug|Any CPU
		Release|Any CPU = Release|Any CPU
	EndGlobalSection
	GlobalSection(ProjectConfigurationPlatforms) = postSolution
		{1B537704-D9C6-4E5F-9F67-4DA82505AC2A}.Debug|Any CPU.ActiveCfg = Debug|Any CPU
		{1B537704-D9C6-4E5F-9F67-4DA82505AC2A}.Debug|Any CPU.Build.0 = Debug|Any CPU
		{1B537704-D9C6-4E5F-9F67-4DA82505AC2A}.Release|Any CPU.ActiveCfg = Release|Any CPU
		{1B537704-D9C6-4E5F-9F67-4DA82505AC2A}.Release|Any CPU.Build.0 = Release|Any CPU
		{DE455C1C-30DE-4497-9219-6D783E3C00A9}.Debug|Any CPU.ActiveCfg = Debug|Any CPU
		{DE455C1C-30DE-4497-9219-6D783E3C00A9}.Debug|Any CPU.Build.0 = Debug|Any CPU
		{DE455C1C-30DE-4497-9219-6D783E3C00A9}.Release|Any CPU.ActiveCfg = Release|Any CPU
		{DE455C1C-30DE-4497-9219-6D783E3C00A9}.Release|Any CPU.Build.0 = Release|Any CPU
	EndGlobalSection
	GlobalSection(SolutionProperties) = preSolution
		HideSolutionNode = FALSE
	EndGlobalSection
	GlobalSection(ExtensibilityGlobals) = postSolution
		SolutionGuid = {F80E06DD-025E-42E3-A21E-05A991F04E76}
	EndGlobalSection
EndGlobal
